
Microsoft Visual Studio Solution File, Format Version 12.00
# Visual Studio 2012
Project("{FAE04EC0-301F-11D3-BF4B-00C04F79EFBC}") = "Metric", "Metric\Metric.csproj", "{33785873-4059-4951-B129-7504FC6C81CC}"
EndProject
Global
	GlobalSection(SolutionConfigurationPlatforms) = preSolution
		Debug|Any CPU = Debug|Any CPU
		Release|Any CPU = Release|Any CPU
	EndGlobalSection
	GlobalSection(ProjectConfigurationPlatforms) = postSolution
		{33785873-4059-4951-B129-7504FC6C81CC}.Debug|Any CPU.ActiveCfg = Debug|Any CPU
		{33785873-4059-4951-B129-7504FC6C81CC}.Debug|Any CPU.Build.0 = Debug|Any CPU
		{33785873-4059-4951-B129-7504FC6C81CC}.Release|Any CPU.ActiveCfg = Release|Any CPU
		{33785873-4059-4951-B129-7504FC6C81CC}.Release|Any CPU.Build.0 = Release|Any CPU
	EndGlobalSection
	GlobalSection(SolutionProperties) = preSolution
		HideSolutionNode = FALSE
	EndGlobalSection
EndGlobal
